
Microsoft Visual Studio Solution File, Format Version 12.00
# Visual Studio Version 17
VisualStudioVersion = 17.3.32922.545
MinimumVisualStudioVersion = 10.0.40219.1
Project("{9A19103F-16F7-4668-BE54-9A1E7A4F7556}") = "Lambda_Enter_Caller_Info_DynamoDB", "Lambda_Enter_Caller_Info_DynamoDB\Lambda_Enter_Caller_Info_DynamoDB.csproj", "{14E7FE25-BBDE-4092-B7C4-8473A7B2ADD0}"
EndProject
Global
	GlobalSection(SolutionConfigurationPlatforms) = preSolution
		Debug|Any CPU = Debug|Any CPU
		Release|Any CPU = Release|Any CPU
	EndGlobalSection
	GlobalSection(ProjectConfigurationPlatforms) = postSolution
		{14E7FE25-BBDE-4092-B7C4-8473A7B2ADD0}.Debug|Any CPU.ActiveCfg = Debug|Any CPU
		{14E7FE25-BBDE-4092-B7C4-8473A7B2ADD0}.Debug|Any CPU.Build.0 = Debug|Any CPU
		{14E7FE25-BBDE-4092-B7C4-8473A7B2ADD0}.Release|Any CPU.ActiveCfg = Release|Any CPU
		{14E7FE25-BBDE-4092-B7C4-8473A7B2ADD0}.Release|Any CPU.Build.0 = Release|Any CPU
	EndGlobalSection
	GlobalSection(SolutionProperties) = preSolution
		HideSolutionNode = FALSE
	EndGlobalSection
	GlobalSection(ExtensibilityGlobals) = postSolution
		SolutionGuid = {73B38093-2922-47F5-88AF-F291F843A532}
	EndGlobalSection
EndGlobal
